
Microsoft Visual Studio Solution File, Format Version 12.00
# Visual Studio Version 16
VisualStudioVersion = 16.0.30011.22
MinimumVisualStudioVersion = 10.0.40219.1
Project("{FAE04EC0-301F-11D3-BF4B-00C04F79EFBC}") = "Tic-Tac-Toe", "Tic-Tac-Toe\Tic-Tac-Toe.csproj", "{F963F7BB-1BCB-436B-8BA2-9B2BCB16FBAB}"
EndProject
Global
	GlobalSection(SolutionConfigurationPlatforms) = preSolution
		Debug|Any CPU = Debug|Any CPU
		Release|Any CPU = Release|Any CPU
	EndGlobalSection
	GlobalSection(ProjectConfigurationPlatforms) = postSolution
		{F963F7BB-1BCB-436B-8BA2-9B2BCB16FBAB}.Debug|Any CPU.ActiveCfg = Debug|Any CPU
		{F963F7BB-1BCB-436B-8BA2-9B2BCB16FBAB}.Debug|Any CPU.Build.0 = Debug|Any CPU
		{F963F7BB-1BCB-436B-8BA2-9B2BCB16FBAB}.Release|Any CPU.ActiveCfg = Release|Any CPU
		{F963F7BB-1BCB-436B-8BA2-9B2BCB16FBAB}.Release|Any CPU.Build.0 = Release|Any CPU
	EndGlobalSection
	GlobalSection(SolutionProperties) = preSolution
		HideSolutionNode = FALSE
	EndGlobalSection
	GlobalSection(ExtensibilityGlobals) = postSolution
		SolutionGuid = {E3846AF1-23CD-4F0F-9E63-CE752F9F5533}
	EndGlobalSection
EndGlobal
